
Microsoft Visual Studio Solution File, Format Version 12.00
# Visual Studio Version 16
VisualStudioVersion = 16.0.31702.278
MinimumVisualStudioVersion = 10.0.40219.1
Project("{9A19103F-16F7-4668-BE54-9A1E7A4F7556}") = "Exercises.UnitTests", "Exercises.UnitTests\Exercises.UnitTests.csproj", "{56CE2F6C-764E-4952-B179-5A7D975E6562}"
EndProject
Project("{9A19103F-16F7-4668-BE54-9A1E7A4F7556}") = "Exercises", "Exercises\Exercises.csproj", "{54C95EA4-5420-487B-8EE8-17ED7F701FD1}"
EndProject
Global
	GlobalSection(SolutionConfigurationPlatforms) = preSolution
		Debug|Any CPU = Debug|Any CPU
		Release|Any CPU = Release|Any CPU
	EndGlobalSection
	GlobalSection(ProjectConfigurationPlatforms) = postSolution
		{56CE2F6C-764E-4952-B179-5A7D975E6562}.Debug|Any CPU.ActiveCfg = Debug|Any CPU
		{56CE2F6C-764E-4952-B179-5A7D975E6562}.Debug|Any CPU.Build.0 = Debug|Any CPU
		{56CE2F6C-764E-4952-B179-5A7D975E6562}.Release|Any CPU.ActiveCfg = Release|Any CPU
		{56CE2F6C-764E-4952-B179-5A7D975E6562}.Release|Any CPU.Build.0 = Release|Any CPU
		{54C95EA4-5420-487B-8EE8-17ED7F701FD1}.Debug|Any CPU.ActiveCfg = Debug|Any CPU
		{54C95EA4-5420-487B-8EE8-17ED7F701FD1}.Debug|Any CPU.Build.0 = Debug|Any CPU
		{54C95EA4-5420-487B-8EE8-17ED7F701FD1}.Release|Any CPU.ActiveCfg = Release|Any CPU
		{54C95EA4-5420-487B-8EE8-17ED7F701FD1}.Release|Any CPU.Build.0 = Release|Any CPU
	EndGlobalSection
	GlobalSection(SolutionProperties) = preSolution
		HideSolutionNode = FALSE
	EndGlobalSection
	GlobalSection(ExtensibilityGlobals) = postSolution
		SolutionGuid = {F48CE036-4D77-482D-9FCC-3E0B9A505EA8}
	EndGlobalSection
EndGlobal
